
Microsoft Visual Studio Solution File, Format Version 12.00
# Visual Studio 15
VisualStudioVersion = 15.0.27703.2035
MinimumVisualStudioVersion = 10.0.40219.1
Project("{FAE04EC0-301F-11D3-BF4B-00C04F79EFBC}") = "WeatherApp", "WeatherApp\WeatherApp.csproj", "{66DA479C-3AAD-43FD-812C-68EF28438351}"
EndProject
Global
	GlobalSection(SolutionConfigurationPlatforms) = preSolution
		Debug|Any CPU = Debug|Any CPU
		Release|Any CPU = Release|Any CPU
	EndGlobalSection
	GlobalSection(ProjectConfigurationPlatforms) = postSolution
		{66DA479C-3AAD-43FD-812C-68EF28438351}.Debug|Any CPU.ActiveCfg = Debug|Any CPU
		{66DA479C-3AAD-43FD-812C-68EF28438351}.Debug|Any CPU.Build.0 = Debug|Any CPU
		{66DA479C-3AAD-43FD-812C-68EF28438351}.Release|Any CPU.ActiveCfg = Release|Any CPU
		{66DA479C-3AAD-43FD-812C-68EF28438351}.Release|Any CPU.Build.0 = Release|Any CPU
	EndGlobalSection
	GlobalSection(SolutionProperties) = preSolution
		HideSolutionNode = FALSE
	EndGlobalSection
	GlobalSection(ExtensibilityGlobals) = postSolution
		SolutionGuid = {F97306C3-02ED-41A7-8580-1F1B2EEEE8D0}
	EndGlobalSection
EndGlobal
